
Microsoft Visual Studio Solution File, Format Version 12.00
# Visual Studio Version 17
VisualStudioVersion = 17.13.35806.99 d17.13
MinimumVisualStudioVersion = 10.0.40219.1
Project("{FAE04EC0-301F-11D3-BF4B-00C04F79EFBC}") = "azure app-nay-vs", "azure app-nay-vs\azure app-nay-vs.csproj", "{084A5B0E-A683-4E40-9763-5CA8ECB7A797}"
EndProject
Global
	GlobalSection(SolutionConfigurationPlatforms) = preSolution
		Debug|Any CPU = Debug|Any CPU
		Release|Any CPU = Release|Any CPU
	EndGlobalSection
	GlobalSection(ProjectConfigurationPlatforms) = postSolution
		{084A5B0E-A683-4E40-9763-5CA8ECB7A797}.Debug|Any CPU.ActiveCfg = Debug|Any CPU
		{084A5B0E-A683-4E40-9763-5CA8ECB7A797}.Debug|Any CPU.Build.0 = Debug|Any CPU
		{084A5B0E-A683-4E40-9763-5CA8ECB7A797}.Release|Any CPU.ActiveCfg = Release|Any CPU
		{084A5B0E-A683-4E40-9763-5CA8ECB7A797}.Release|Any CPU.Build.0 = Release|Any CPU
	EndGlobalSection
	GlobalSection(SolutionProperties) = preSolution
		HideSolutionNode = FALSE
	EndGlobalSection
	GlobalSection(ExtensibilityGlobals) = postSolution
		SolutionGuid = {27817917-B95A-4AC7-95E9-08AE92B0BF76}
	EndGlobalSection
EndGlobal
